{
  "nodes": {
    "bin": {
      "inputs": {
        "nixpkgs": "nixpkgs"
      },
      "locked": {
        "path": "flakes/bin",
        "type": "path"
      },
      "original": {
        "path": "flakes/bin",
        "type": "path"
      },
      "parent": []
    },
    "bin-scripts": {
      "inputs": {
        "nixpkgs": "nixpkgs_2"
      },
      "locked": {
        "path": "../bin",
        "type": "path"
      },
      "original": {
        "path": "../bin",
        "type": "path"
      },
      "parent": [
        "clang"
      ]
    },
    "clang": {
      "inputs": {
        "bin-scripts": "bin-scripts",
        "nixpkgs": "nixpkgs_3"
      },
      "locked": {
        "path": "flakes/clang",
        "type": "path"
      },
      "original": {
        "path": "flakes/clang",
        "type": "path"
      },
      "parent": []
    },
    "nixpkgs": {
      "locked": {
        "lastModified": 1751479989,
        "narHash": "sha256-M5KgdpVBVcW4HRVq9/OSRbrxlwsQ1ogEKqnvzsClDqU=",
        "owner": "NixOS",
        "repo": "nixpkgs",
        "rev": "34627c90f062da515ea358360f448da57769236e",
        "type": "github"
      },
      "original": {
        "owner": "NixOS",
        "ref": "nixos-25.05",
        "repo": "nixpkgs",
        "type": "github"
      }
    },
    "nixpkgs_2": {
      "locked": {
        "lastModified": 1751479989,
        "narHash": "sha256-M5KgdpVBVcW4HRVq9/OSRbrxlwsQ1ogEKqnvzsClDqU=",
        "owner": "NixOS",
        "repo": "nixpkgs",
        "rev": "34627c90f062da515ea358360f448da57769236e",
        "type": "github"
      },
      "original": {
        "owner": "NixOS",
        "ref": "nixos-25.05",
        "repo": "nixpkgs",
        "type": "github"
      }
    },
    "nixpkgs_3": {
      "locked": {
        "lastModified": 1751479989,
        "narHash": "sha256-M5KgdpVBVcW4HRVq9/OSRbrxlwsQ1ogEKqnvzsClDqU=",
        "owner": "NixOS",
        "repo": "nixpkgs",
        "rev": "34627c90f062da515ea358360f448da57769236e",
        "type": "github"
      },
      "original": {
        "owner": "NixOS",
        "ref": "nixos-25.05",
        "repo": "nixpkgs",
        "type": "github"
      }
    },
    "root": {
      "inputs": {
        "bin": "bin",
        "clang": "clang"
      }
    }
  },
  "root": "root",
  "version": 7
}
